
Microsoft Visual Studio Solution File, Format Version 12.00
# Visual Studio Version 16
VisualStudioVersion = 16.0.30503.244
MinimumVisualStudioVersion = 10.0.40219.1
Project("{8BC9CEB8-8B4A-11D0-8D11-00A0C91BC942}") = "template_BozoSort", "template_BozoSort\template_BozoSort.vcxproj", "{0DE5C775-3F61-4FB9-90E9-B078DD8DB454}"
EndProject
Global
	GlobalSection(SolutionConfigurationPlatforms) = preSolution
		Debug|x64 = Debug|x64
		Debug|x86 = Debug|x86
		Release|x64 = Release|x64
		Release|x86 = Release|x86
	EndGlobalSection
	GlobalSection(ProjectConfigurationPlatforms) = postSolution
		{0DE5C775-3F61-4FB9-90E9-B078DD8DB454}.Debug|x64.ActiveCfg = Debug|x64
		{0DE5C775-3F61-4FB9-90E9-B078DD8DB454}.Debug|x64.Build.0 = Debug|x64
		{0DE5C775-3F61-4FB9-90E9-B078DD8DB454}.Debug|x86.ActiveCfg = Debug|Win32
		{0DE5C775-3F61-4FB9-90E9-B078DD8DB454}.Debug|x86.Build.0 = Debug|Win32
		{0DE5C775-3F61-4FB9-90E9-B078DD8DB454}.Release|x64.ActiveCfg = Release|x64
		{0DE5C775-3F61-4FB9-90E9-B078DD8DB454}.Release|x64.Build.0 = Release|x64
		{0DE5C775-3F61-4FB9-90E9-B078DD8DB454}.Release|x86.ActiveCfg = Release|Win32
		{0DE5C775-3F61-4FB9-90E9-B078DD8DB454}.Release|x86.Build.0 = Release|Win32
	EndGlobalSection
	GlobalSection(SolutionProperties) = preSolution
		HideSolutionNode = FALSE
	EndGlobalSection
	GlobalSection(ExtensibilityGlobals) = postSolution
		SolutionGuid = {6A827408-F9A5-4617-99EF-5C189433B2E5}
	EndGlobalSection
EndGlobal
